
Microsoft Visual Studio Solution File, Format Version 12.00
# Visual Studio Version 17
VisualStudioVersion = 17.7.34003.232
MinimumVisualStudioVersion = 10.0.40219.1
Project("{FAE04EC0-301F-11D3-BF4B-00C04F79EFBC}") = "events", "events.csproj", "{1E2001BB-8F4A-428F-8D8C-A237EE335676}"
EndProject
Global
	GlobalSection(SolutionConfigurationPlatforms) = preSolution
		Debug|Any CPU = Debug|Any CPU
		Release|Any CPU = Release|Any CPU
	EndGlobalSection
	GlobalSection(ProjectConfigurationPlatforms) = postSolution
		{1E2001BB-8F4A-428F-8D8C-A237EE335676}.Debug|Any CPU.ActiveCfg = Debug|Any CPU
		{1E2001BB-8F4A-428F-8D8C-A237EE335676}.Debug|Any CPU.Build.0 = Debug|Any CPU
		{1E2001BB-8F4A-428F-8D8C-A237EE335676}.Release|Any CPU.ActiveCfg = Release|Any CPU
		{1E2001BB-8F4A-428F-8D8C-A237EE335676}.Release|Any CPU.Build.0 = Release|Any CPU
	EndGlobalSection
	GlobalSection(SolutionProperties) = preSolution
		HideSolutionNode = FALSE
	EndGlobalSection
	GlobalSection(ExtensibilityGlobals) = postSolution
		SolutionGuid = {75C7C730-FEAB-457D-9FA6-2E70E982A3F9}
	EndGlobalSection
EndGlobal
