
Microsoft Visual Studio Solution File, Format Version 12.00
# Visual Studio Version 17
VisualStudioVersion = 17.7.34003.232
MinimumVisualStudioVersion = 10.0.40219.1
Project("{FAE04EC0-301F-11D3-BF4B-00C04F79EFBC}") = "First_Project_2", "First_Project_2\First_Project_2.csproj", "{FD6C0845-C236-4AA8-95D8-6AE680FE2E6A}"
EndProject
Global
	GlobalSection(SolutionConfigurationPlatforms) = preSolution
		Debug|Any CPU = Debug|Any CPU
		Release|Any CPU = Release|Any CPU
	EndGlobalSection
	GlobalSection(ProjectConfigurationPlatforms) = postSolution
		{FD6C0845-C236-4AA8-95D8-6AE680FE2E6A}.Debug|Any CPU.ActiveCfg = Debug|Any CPU
		{FD6C0845-C236-4AA8-95D8-6AE680FE2E6A}.Debug|Any CPU.Build.0 = Debug|Any CPU
		{FD6C0845-C236-4AA8-95D8-6AE680FE2E6A}.Release|Any CPU.ActiveCfg = Release|Any CPU
		{FD6C0845-C236-4AA8-95D8-6AE680FE2E6A}.Release|Any CPU.Build.0 = Release|Any CPU
	EndGlobalSection
	GlobalSection(SolutionProperties) = preSolution
		HideSolutionNode = FALSE
	EndGlobalSection
	GlobalSection(ExtensibilityGlobals) = postSolution
		SolutionGuid = {DE447150-D2B4-4608-94CC-CD3CC0D8E578}
	EndGlobalSection
EndGlobal
