
Microsoft Visual Studio Solution File, Format Version 12.00
# Visual Studio Version 17
VisualStudioVersion = 17.7.34003.232
MinimumVisualStudioVersion = 10.0.40219.1
Project("{FAE04EC0-301F-11D3-BF4B-00C04F79EFBC}") = "TH3_B3", "TH3_B3\TH3_B3.csproj", "{B984A679-704A-4794-A085-AC751A087E9A}"
EndProject
Global
	GlobalSection(SolutionConfigurationPlatforms) = preSolution
		Debug|Any CPU = Debug|Any CPU
		Release|Any CPU = Release|Any CPU
	EndGlobalSection
	GlobalSection(ProjectConfigurationPlatforms) = postSolution
		{B984A679-704A-4794-A085-AC751A087E9A}.Debug|Any CPU.ActiveCfg = Debug|Any CPU
		{B984A679-704A-4794-A085-AC751A087E9A}.Debug|Any CPU.Build.0 = Debug|Any CPU
		{B984A679-704A-4794-A085-AC751A087E9A}.Release|Any CPU.ActiveCfg = Release|Any CPU
		{B984A679-704A-4794-A085-AC751A087E9A}.Release|Any CPU.Build.0 = Release|Any CPU
	EndGlobalSection
	GlobalSection(SolutionProperties) = preSolution
		HideSolutionNode = FALSE
	EndGlobalSection
	GlobalSection(ExtensibilityGlobals) = postSolution
		SolutionGuid = {2CE81FE2-E1DD-48D0-BA3C-D9CF899BC641}
	EndGlobalSection
EndGlobal
