
Microsoft Visual Studio Solution File, Format Version 12.00
# Visual Studio Version 17
VisualStudioVersion = 17.7.34003.232
MinimumVisualStudioVersion = 10.0.40219.1
Project("{FAE04EC0-301F-11D3-BF4B-00C04F79EFBC}") = "aSync", "aSync.csproj", "{CD6A583C-F2AA-401A-B3D9-632569B26651}"
EndProject
Global
	GlobalSection(SolutionConfigurationPlatforms) = preSolution
		Debug|Any CPU = Debug|Any CPU
		Release|Any CPU = Release|Any CPU
	EndGlobalSection
	GlobalSection(ProjectConfigurationPlatforms) = postSolution
		{CD6A583C-F2AA-401A-B3D9-632569B26651}.Debug|Any CPU.ActiveCfg = Debug|Any CPU
		{CD6A583C-F2AA-401A-B3D9-632569B26651}.Debug|Any CPU.Build.0 = Debug|Any CPU
		{CD6A583C-F2AA-401A-B3D9-632569B26651}.Release|Any CPU.ActiveCfg = Release|Any CPU
		{CD6A583C-F2AA-401A-B3D9-632569B26651}.Release|Any CPU.Build.0 = Release|Any CPU
	EndGlobalSection
	GlobalSection(SolutionProperties) = preSolution
		HideSolutionNode = FALSE
	EndGlobalSection
	GlobalSection(ExtensibilityGlobals) = postSolution
		SolutionGuid = {68C581F1-2F20-4AD3-8612-112555066571}
	EndGlobalSection
EndGlobal
