
Microsoft Visual Studio Solution File, Format Version 12.00
# Visual Studio Version 17
VisualStudioVersion = 17.7.34003.232
MinimumVisualStudioVersion = 10.0.40219.1
Project("{FAE04EC0-301F-11D3-BF4B-00C04F79EFBC}") = "WebApplication1", "WebApplication1.csproj", "{F77DB31B-2BAF-4E33-B704-76E13F9BA370}"
EndProject
Global
	GlobalSection(SolutionConfigurationPlatforms) = preSolution
		Debug|Any CPU = Debug|Any CPU
		Release|Any CPU = Release|Any CPU
	EndGlobalSection
	GlobalSection(ProjectConfigurationPlatforms) = postSolution
		{F77DB31B-2BAF-4E33-B704-76E13F9BA370}.Debug|Any CPU.ActiveCfg = Debug|Any CPU
		{F77DB31B-2BAF-4E33-B704-76E13F9BA370}.Debug|Any CPU.Build.0 = Debug|Any CPU
		{F77DB31B-2BAF-4E33-B704-76E13F9BA370}.Release|Any CPU.ActiveCfg = Release|Any CPU
		{F77DB31B-2BAF-4E33-B704-76E13F9BA370}.Release|Any CPU.Build.0 = Release|Any CPU
	EndGlobalSection
	GlobalSection(SolutionProperties) = preSolution
		HideSolutionNode = FALSE
	EndGlobalSection
	GlobalSection(ExtensibilityGlobals) = postSolution
		SolutionGuid = {86118261-A35D-4AC5-AFEF-93DE5C9F12D9}
	EndGlobalSection
EndGlobal
