
Microsoft Visual Studio Solution File, Format Version 12.00
# Visual Studio Version 17
VisualStudioVersion = 17.7.34003.232
MinimumVisualStudioVersion = 10.0.40219.1
Project("{FAE04EC0-301F-11D3-BF4B-00C04F79EFBC}") = "b3tr57", "b3tr57.csproj", "{95064FFD-622B-442D-8662-EF49719456D4}"
EndProject
Global
	GlobalSection(SolutionConfigurationPlatforms) = preSolution
		Debug|Any CPU = Debug|Any CPU
		Release|Any CPU = Release|Any CPU
	EndGlobalSection
	GlobalSection(ProjectConfigurationPlatforms) = postSolution
		{95064FFD-622B-442D-8662-EF49719456D4}.Debug|Any CPU.ActiveCfg = Debug|Any CPU
		{95064FFD-622B-442D-8662-EF49719456D4}.Debug|Any CPU.Build.0 = Debug|Any CPU
		{95064FFD-622B-442D-8662-EF49719456D4}.Release|Any CPU.ActiveCfg = Release|Any CPU
		{95064FFD-622B-442D-8662-EF49719456D4}.Release|Any CPU.Build.0 = Release|Any CPU
	EndGlobalSection
	GlobalSection(SolutionProperties) = preSolution
		HideSolutionNode = FALSE
	EndGlobalSection
	GlobalSection(ExtensibilityGlobals) = postSolution
		SolutionGuid = {8FC688CD-1B00-408C-8E0B-EE6D35C6CDD3}
	EndGlobalSection
EndGlobal
