
Microsoft Visual Studio Solution File, Format Version 12.00
# Visual Studio Version 17
VisualStudioVersion = 17.7.34009.444
MinimumVisualStudioVersion = 10.0.40219.1
Project("{FAE04EC0-301F-11D3-BF4B-00C04F79EFBC}") = "Lab2_2", "Lab2_2\Lab2_2.csproj", "{BE1B6BC3-7B3E-42AC-AA73-BAE4EE45F24F}"
EndProject
Global
	GlobalSection(SolutionConfigurationPlatforms) = preSolution
		Debug|Any CPU = Debug|Any CPU
		Release|Any CPU = Release|Any CPU
	EndGlobalSection
	GlobalSection(ProjectConfigurationPlatforms) = postSolution
		{BE1B6BC3-7B3E-42AC-AA73-BAE4EE45F24F}.Debug|Any CPU.ActiveCfg = Debug|Any CPU
		{BE1B6BC3-7B3E-42AC-AA73-BAE4EE45F24F}.Debug|Any CPU.Build.0 = Debug|Any CPU
		{BE1B6BC3-7B3E-42AC-AA73-BAE4EE45F24F}.Release|Any CPU.ActiveCfg = Release|Any CPU
		{BE1B6BC3-7B3E-42AC-AA73-BAE4EE45F24F}.Release|Any CPU.Build.0 = Release|Any CPU
	EndGlobalSection
	GlobalSection(SolutionProperties) = preSolution
		HideSolutionNode = FALSE
	EndGlobalSection
	GlobalSection(ExtensibilityGlobals) = postSolution
		SolutionGuid = {885602A2-6CBA-4AC1-A18E-6351F060F87C}
	EndGlobalSection
EndGlobal
