
Microsoft Visual Studio Solution File, Format Version 12.00
# Visual Studio Version 17
VisualStudioVersion = 17.7.34003.232
MinimumVisualStudioVersion = 10.0.40219.1
Project("{FAE04EC0-301F-11D3-BF4B-00C04F79EFBC}") = "NhuDinhDuc-211202522", "NhuDinhDuc-211202522\NhuDinhDuc-211202522.csproj", "{FBEC48C6-4016-4652-945A-52007312978D}"
EndProject
Global
	GlobalSection(SolutionConfigurationPlatforms) = preSolution
		Debug|Any CPU = Debug|Any CPU
		Release|Any CPU = Release|Any CPU
	EndGlobalSection
	GlobalSection(ProjectConfigurationPlatforms) = postSolution
		{FBEC48C6-4016-4652-945A-52007312978D}.Debug|Any CPU.ActiveCfg = Debug|Any CPU
		{FBEC48C6-4016-4652-945A-52007312978D}.Debug|Any CPU.Build.0 = Debug|Any CPU
		{FBEC48C6-4016-4652-945A-52007312978D}.Release|Any CPU.ActiveCfg = Release|Any CPU
		{FBEC48C6-4016-4652-945A-52007312978D}.Release|Any CPU.Build.0 = Release|Any CPU
	EndGlobalSection
	GlobalSection(SolutionProperties) = preSolution
		HideSolutionNode = FALSE
	EndGlobalSection
	GlobalSection(ExtensibilityGlobals) = postSolution
		SolutionGuid = {01691135-C9A1-4A52-B32A-99F999111584}
	EndGlobalSection
EndGlobal
