
Microsoft Visual Studio Solution File, Format Version 12.00
# Visual Studio Version 17
VisualStudioVersion = 17.7.34003.232
MinimumVisualStudioVersion = 10.0.40219.1
Project("{FAE04EC0-301F-11D3-BF4B-00C04F79EFBC}") = "CoreApp1", "CoreApp1.csproj", "{9EC4AF63-7E10-49EE-8AC8-9BF829E12EE0}"
EndProject
Global
	GlobalSection(SolutionConfigurationPlatforms) = preSolution
		Debug|Any CPU = Debug|Any CPU
		Release|Any CPU = Release|Any CPU
	EndGlobalSection
	GlobalSection(ProjectConfigurationPlatforms) = postSolution
		{9EC4AF63-7E10-49EE-8AC8-9BF829E12EE0}.Debug|Any CPU.ActiveCfg = Debug|Any CPU
		{9EC4AF63-7E10-49EE-8AC8-9BF829E12EE0}.Debug|Any CPU.Build.0 = Debug|Any CPU
		{9EC4AF63-7E10-49EE-8AC8-9BF829E12EE0}.Release|Any CPU.ActiveCfg = Release|Any CPU
		{9EC4AF63-7E10-49EE-8AC8-9BF829E12EE0}.Release|Any CPU.Build.0 = Release|Any CPU
	EndGlobalSection
	GlobalSection(SolutionProperties) = preSolution
		HideSolutionNode = FALSE
	EndGlobalSection
	GlobalSection(ExtensibilityGlobals) = postSolution
		SolutionGuid = {46D95E0D-D892-4DE7-AACB-C87753225C5E}
	EndGlobalSection
EndGlobal
