
Microsoft Visual Studio Solution File, Format Version 12.00
# Visual Studio Version 17
VisualStudioVersion = 17.7.34003.232
MinimumVisualStudioVersion = 10.0.40219.1
Project("{FAE04EC0-301F-11D3-BF4B-00C04F79EFBC}") = "BAI1_TH2", "BAI1_TH2\BAI1_TH2.csproj", "{6711F33B-F7FB-4005-81FE-7CCB2F13B298}"
EndProject
Global
	GlobalSection(SolutionConfigurationPlatforms) = preSolution
		Debug|Any CPU = Debug|Any CPU
		Release|Any CPU = Release|Any CPU
	EndGlobalSection
	GlobalSection(ProjectConfigurationPlatforms) = postSolution
		{6711F33B-F7FB-4005-81FE-7CCB2F13B298}.Debug|Any CPU.ActiveCfg = Debug|Any CPU
		{6711F33B-F7FB-4005-81FE-7CCB2F13B298}.Debug|Any CPU.Build.0 = Debug|Any CPU
		{6711F33B-F7FB-4005-81FE-7CCB2F13B298}.Release|Any CPU.ActiveCfg = Release|Any CPU
		{6711F33B-F7FB-4005-81FE-7CCB2F13B298}.Release|Any CPU.Build.0 = Release|Any CPU
	EndGlobalSection
	GlobalSection(SolutionProperties) = preSolution
		HideSolutionNode = FALSE
	EndGlobalSection
	GlobalSection(ExtensibilityGlobals) = postSolution
		SolutionGuid = {B69B2D72-BB78-4037-B54E-BB0A5A634381}
	EndGlobalSection
EndGlobal
