
Microsoft Visual Studio Solution File, Format Version 12.00
# Visual Studio Version 17
VisualStudioVersion = 17.7.34003.232
MinimumVisualStudioVersion = 10.0.40219.1
Project("{FAE04EC0-301F-11D3-BF4B-00C04F79EFBC}") = "NhanVien", "NhanVien.csproj", "{263F546B-2319-494E-9DCA-75636A2B151C}"
EndProject
Global
	GlobalSection(SolutionConfigurationPlatforms) = preSolution
		Debug|Any CPU = Debug|Any CPU
		Release|Any CPU = Release|Any CPU
	EndGlobalSection
	GlobalSection(ProjectConfigurationPlatforms) = postSolution
		{263F546B-2319-494E-9DCA-75636A2B151C}.Debug|Any CPU.ActiveCfg = Debug|Any CPU
		{263F546B-2319-494E-9DCA-75636A2B151C}.Debug|Any CPU.Build.0 = Debug|Any CPU
		{263F546B-2319-494E-9DCA-75636A2B151C}.Release|Any CPU.ActiveCfg = Release|Any CPU
		{263F546B-2319-494E-9DCA-75636A2B151C}.Release|Any CPU.Build.0 = Release|Any CPU
	EndGlobalSection
	GlobalSection(SolutionProperties) = preSolution
		HideSolutionNode = FALSE
	EndGlobalSection
	GlobalSection(ExtensibilityGlobals) = postSolution
		SolutionGuid = {DA0B4623-D530-46E2-85AA-02BB481788A4}
	EndGlobalSection
EndGlobal
