
Microsoft Visual Studio Solution File, Format Version 12.00
# Visual Studio Version 17
VisualStudioVersion = 17.12.35527.113 d17.12
MinimumVisualStudioVersion = 10.0.40219.1
Project("{FAE04EC0-301F-11D3-BF4B-00C04F79EFBC}") = "C#_Student", "C#_Student\C#_Student.csproj", "{DEC5F5EB-C65E-4B16-8D77-9FC22881754D}"
EndProject
Global
	GlobalSection(SolutionConfigurationPlatforms) = preSolution
		Debug|Any CPU = Debug|Any CPU
		Release|Any CPU = Release|Any CPU
	EndGlobalSection
	GlobalSection(ProjectConfigurationPlatforms) = postSolution
		{DEC5F5EB-C65E-4B16-8D77-9FC22881754D}.Debug|Any CPU.ActiveCfg = Debug|Any CPU
		{DEC5F5EB-C65E-4B16-8D77-9FC22881754D}.Debug|Any CPU.Build.0 = Debug|Any CPU
		{DEC5F5EB-C65E-4B16-8D77-9FC22881754D}.Release|Any CPU.ActiveCfg = Release|Any CPU
		{DEC5F5EB-C65E-4B16-8D77-9FC22881754D}.Release|Any CPU.Build.0 = Release|Any CPU
	EndGlobalSection
	GlobalSection(SolutionProperties) = preSolution
		HideSolutionNode = FALSE
	EndGlobalSection
EndGlobal
